
Microsoft Visual Studio Solution File, Format Version 12.00
# Visual Studio Version 16
VisualStudioVersion = 16.0.29609.76
MinimumVisualStudioVersion = 10.0.40219.1
Project("{FAE04EC0-301F-11D3-BF4B-00C04F79EFBC}") = "Lab10.1", "Lab10.1\Lab10.1.csproj", "{5B17B519-113D-4185-AD3B-D7D42BB0EAE0}"
EndProject
Global
	GlobalSection(SolutionConfigurationPlatforms) = preSolution
		Debug|Any CPU = Debug|Any CPU
		Release|Any CPU = Release|Any CPU
	EndGlobalSection
	GlobalSection(ProjectConfigurationPlatforms) = postSolution
		{5B17B519-113D-4185-AD3B-D7D42BB0EAE0}.Debug|Any CPU.ActiveCfg = Debug|Any CPU
		{5B17B519-113D-4185-AD3B-D7D42BB0EAE0}.Debug|Any CPU.Build.0 = Debug|Any CPU
		{5B17B519-113D-4185-AD3B-D7D42BB0EAE0}.Release|Any CPU.ActiveCfg = Release|Any CPU
		{5B17B519-113D-4185-AD3B-D7D42BB0EAE0}.Release|Any CPU.Build.0 = Release|Any CPU
	EndGlobalSection
	GlobalSection(SolutionProperties) = preSolution
		HideSolutionNode = FALSE
	EndGlobalSection
	GlobalSection(ExtensibilityGlobals) = postSolution
		SolutionGuid = {19E96FF1-0897-406B-A46E-AA36C87166B4}
	EndGlobalSection
EndGlobal
