
Microsoft Visual Studio Solution File, Format Version 12.00
# Visual Studio Version 16
VisualStudioVersion = 16.0.29609.76
MinimumVisualStudioVersion = 10.0.40219.1
Project("{FAE04EC0-301F-11D3-BF4B-00C04F79EFBC}") = "Lab10.3", "Lab10.3\Lab10.3.csproj", "{1D8CCA25-E37A-4EDD-ABD9-DB9BBE88673A}"
EndProject
Global
	GlobalSection(SolutionConfigurationPlatforms) = preSolution
		Debug|Any CPU = Debug|Any CPU
		Release|Any CPU = Release|Any CPU
	EndGlobalSection
	GlobalSection(ProjectConfigurationPlatforms) = postSolution
		{1D8CCA25-E37A-4EDD-ABD9-DB9BBE88673A}.Debug|Any CPU.ActiveCfg = Debug|Any CPU
		{1D8CCA25-E37A-4EDD-ABD9-DB9BBE88673A}.Debug|Any CPU.Build.0 = Debug|Any CPU
		{1D8CCA25-E37A-4EDD-ABD9-DB9BBE88673A}.Release|Any CPU.ActiveCfg = Release|Any CPU
		{1D8CCA25-E37A-4EDD-ABD9-DB9BBE88673A}.Release|Any CPU.Build.0 = Release|Any CPU
	EndGlobalSection
	GlobalSection(SolutionProperties) = preSolution
		HideSolutionNode = FALSE
	EndGlobalSection
	GlobalSection(ExtensibilityGlobals) = postSolution
		SolutionGuid = {7D7DEC76-4A30-4D36-9C89-466D60366A98}
	EndGlobalSection
EndGlobal
